
Microsoft Visual Studio Solution File, Format Version 12.00
Project("{FAE04EC0-301F-11D3-BF4B-00C04F79EFBC}") = "SequentialBuilder", "SequentialBuilder\SequentialBuilder.csproj", "{FF56562F-70BF-46F4-AA0E-7FC3DA465720}"
EndProject
Project("{FAE04EC0-301F-11D3-BF4B-00C04F79EFBC}") = "SequentialBuilder.Sample", "SequentialBuilder.Sample\SequentialBuilder.Sample.csproj", "{45E0EE74-F19C-4C20-962B-88A87C775184}"
EndProject
Project("{FAE04EC0-301F-11D3-BF4B-00C04F79EFBC}") = "SequentialBuilder.Tests", "SequentialBuilder.Tests\SequentialBuilder.Tests.csproj", "{E24BFCB9-BC93-447C-9EA9-ADFA7F47B958}"
EndProject
Project("{FAE04EC0-301F-11D3-BF4B-00C04F79EFBC}") = "SequentialBuilder.Attributes", "SequentialBuilder.Attributes\SequentialBuilder.Attributes.csproj", "{BC1E4484-34B1-4BE2-AF8B-64189D577BE0}"
EndProject
Global
	GlobalSection(SolutionConfigurationPlatforms) = preSolution
		Debug|Any CPU = Debug|Any CPU
		Release|Any CPU = Release|Any CPU
	EndGlobalSection
	GlobalSection(ProjectConfigurationPlatforms) = postSolution
		{FF56562F-70BF-46F4-AA0E-7FC3DA465720}.Debug|Any CPU.ActiveCfg = Debug|Any CPU
		{FF56562F-70BF-46F4-AA0E-7FC3DA465720}.Debug|Any CPU.Build.0 = Debug|Any CPU
		{FF56562F-70BF-46F4-AA0E-7FC3DA465720}.Release|Any CPU.ActiveCfg = Release|Any CPU
		{FF56562F-70BF-46F4-AA0E-7FC3DA465720}.Release|Any CPU.Build.0 = Release|Any CPU
		{45E0EE74-F19C-4C20-962B-88A87C775184}.Debug|Any CPU.ActiveCfg = Debug|Any CPU
		{45E0EE74-F19C-4C20-962B-88A87C775184}.Debug|Any CPU.Build.0 = Debug|Any CPU
		{45E0EE74-F19C-4C20-962B-88A87C775184}.Release|Any CPU.ActiveCfg = Release|Any CPU
		{45E0EE74-F19C-4C20-962B-88A87C775184}.Release|Any CPU.Build.0 = Release|Any CPU
		{E24BFCB9-BC93-447C-9EA9-ADFA7F47B958}.Debug|Any CPU.ActiveCfg = Debug|Any CPU
		{E24BFCB9-BC93-447C-9EA9-ADFA7F47B958}.Debug|Any CPU.Build.0 = Debug|Any CPU
		{E24BFCB9-BC93-447C-9EA9-ADFA7F47B958}.Release|Any CPU.ActiveCfg = Release|Any CPU
		{E24BFCB9-BC93-447C-9EA9-ADFA7F47B958}.Release|Any CPU.Build.0 = Release|Any CPU
		{BC1E4484-34B1-4BE2-AF8B-64189D577BE0}.Debug|Any CPU.ActiveCfg = Debug|Any CPU
		{BC1E4484-34B1-4BE2-AF8B-64189D577BE0}.Debug|Any CPU.Build.0 = Debug|Any CPU
		{BC1E4484-34B1-4BE2-AF8B-64189D577BE0}.Release|Any CPU.ActiveCfg = Release|Any CPU
		{BC1E4484-34B1-4BE2-AF8B-64189D577BE0}.Release|Any CPU.Build.0 = Release|Any CPU
	EndGlobalSection
EndGlobal
